
Microsoft Visual Studio Solution File, Format Version 12.00
# Visual Studio Version 17
VisualStudioVersion = 17.14.36518.9 d17.14
MinimumVisualStudioVersion = 10.0.40219.1
Project("{FAE04EC0-301F-11D3-BF4B-00C04F79EFBC}") = "TestConvertProject", "TestConvertProject\TestConvertProject.csproj", "{A1D63E64-6F02-4965-82DB-2AB8D97B2B6D}"
EndProject
Global
	GlobalSection(SolutionConfigurationPlatforms) = preSolution
		Debug|Any CPU = Debug|Any CPU
		Release|Any CPU = Release|Any CPU
	EndGlobalSection
	GlobalSection(ProjectConfigurationPlatforms) = postSolution
		{A1D63E64-6F02-4965-82DB-2AB8D97B2B6D}.Debug|Any CPU.ActiveCfg = Debug|Any CPU
		{A1D63E64-6F02-4965-82DB-2AB8D97B2B6D}.Debug|Any CPU.Build.0 = Debug|Any CPU
		{A1D63E64-6F02-4965-82DB-2AB8D97B2B6D}.Release|Any CPU.ActiveCfg = Release|Any CPU
		{A1D63E64-6F02-4965-82DB-2AB8D97B2B6D}.Release|Any CPU.Build.0 = Release|Any CPU
	EndGlobalSection
	GlobalSection(SolutionProperties) = preSolution
		HideSolutionNode = FALSE
	EndGlobalSection
	GlobalSection(ExtensibilityGlobals) = postSolution
		SolutionGuid = {A7A32907-E7EC-4EFA-8FAC-17688058B194}
	EndGlobalSection
EndGlobal
